{
  "name": "uwebsockets-for-centos.js",
  "version": "1.0.0",
  "lockfileVersion": 1,
  "requires": true,
  "dependencies": {
    "uwebsockets.js": {
      "version": "18.3.3",
      "resolved": "https://registry.npmjs.org/uwebsockets.js/-/uwebsockets.js-18.3.3.tgz",
      "integrity": "sha512-6a5tlxxSapfLECQTVBIqzm7VkX+qR09/UrGDx3MmrAqFq0B3cqRpw4pUu0ewjnJhdoY6Cu9tlTZUnErP/7Ukqw==",
      "requires": {
        "uws.js": "git+https://github.com/uNetworking/uWebSockets.js.git#v18.3.0"
      }
    },
    "uws.js": {
      "version": "git+https://github.com/uNetworking/uWebSockets.js.git#63c610cefde1ef71c27cba6dd1072495977ee34d",
      "from": "git+https://github.com/uNetworking/uWebSockets.js.git#v18.3.0"
    }
  }
}
